
Microsoft Visual Studio Solution File, Format Version 12.00
# Visual Studio Version 16
VisualStudioVersion = 16.0.29728.190
MinimumVisualStudioVersion = 10.0.40219.1
Project("{8BC9CEB8-8B4A-11D0-8D11-00A0C91BC942}") = "lab", "lab\lab.vcxproj", "{F7CDBAA5-78A0-4E1D-8DBD-3D9AD64EF9F3}"
EndProject
Global
	GlobalSection(SolutionConfigurationPlatforms) = preSolution
		Debug|x64 = Debug|x64
		Debug|x86 = Debug|x86
		Release|x64 = Release|x64
		Release|x86 = Release|x86
	EndGlobalSection
	GlobalSection(ProjectConfigurationPlatforms) = postSolution
		{F7CDBAA5-78A0-4E1D-8DBD-3D9AD64EF9F3}.Debug|x64.ActiveCfg = Debug|x64
		{F7CDBAA5-78A0-4E1D-8DBD-3D9AD64EF9F3}.Debug|x64.Build.0 = Debug|x64
		{F7CDBAA5-78A0-4E1D-8DBD-3D9AD64EF9F3}.Debug|x86.ActiveCfg = Debug|Win32
		{F7CDBAA5-78A0-4E1D-8DBD-3D9AD64EF9F3}.Debug|x86.Build.0 = Debug|Win32
		{F7CDBAA5-78A0-4E1D-8DBD-3D9AD64EF9F3}.Release|x64.ActiveCfg = Release|x64
		{F7CDBAA5-78A0-4E1D-8DBD-3D9AD64EF9F3}.Release|x64.Build.0 = Release|x64
		{F7CDBAA5-78A0-4E1D-8DBD-3D9AD64EF9F3}.Release|x86.ActiveCfg = Release|Win32
		{F7CDBAA5-78A0-4E1D-8DBD-3D9AD64EF9F3}.Release|x86.Build.0 = Release|Win32
	EndGlobalSection
	GlobalSection(SolutionProperties) = preSolution
		HideSolutionNode = FALSE
	EndGlobalSection
	GlobalSection(ExtensibilityGlobals) = postSolution
		SolutionGuid = {3784AE36-DE63-4E2B-A6AF-38DA0A0F983C}
	EndGlobalSection
EndGlobal
